
Microsoft Visual Studio Solution File, Format Version 12.00
# Visual Studio Version 17
VisualStudioVersion = 17.4.33213.308
MinimumVisualStudioVersion = 10.0.40219.1
Project("{FAE04EC0-301F-11D3-BF4B-00C04F79EFBC}") = "Course_MathCalculate", "Course_MathCalculate\Course_MathCalculate.csproj", "{3457243D-D8B7-46D4-A9D6-6FB1B7E29CD1}"
	ProjectSection(ProjectDependencies) = postProject
		{0F7314E3-673A-4A15-9D12-D9E1136B084D} = {0F7314E3-673A-4A15-9D12-D9E1136B084D}
	EndProjectSection
EndProject
Project("{8BC9CEB8-8B4A-11D0-8D11-00A0C91BC942}") = "DLL", "DLL\DLL.vcxproj", "{0F7314E3-673A-4A15-9D12-D9E1136B084D}"
EndProject
Global
	GlobalSection(SolutionConfigurationPlatforms) = preSolution
		Debug|Any CPU = Debug|Any CPU
		Debug|x64 = Debug|x64
		Debug|x86 = Debug|x86
		Release|Any CPU = Release|Any CPU
		Release|x64 = Release|x64
		Release|x86 = Release|x86
	EndGlobalSection
	GlobalSection(ProjectConfigurationPlatforms) = postSolution
		{3457243D-D8B7-46D4-A9D6-6FB1B7E29CD1}.Debug|Any CPU.ActiveCfg = Debug|Any CPU
		{3457243D-D8B7-46D4-A9D6-6FB1B7E29CD1}.Debug|Any CPU.Build.0 = Debug|Any CPU
		{3457243D-D8B7-46D4-A9D6-6FB1B7E29CD1}.Debug|x64.ActiveCfg = Debug|Any CPU
		{3457243D-D8B7-46D4-A9D6-6FB1B7E29CD1}.Debug|x64.Build.0 = Debug|Any CPU
		{3457243D-D8B7-46D4-A9D6-6FB1B7E29CD1}.Debug|x86.ActiveCfg = Debug|Any CPU
		{3457243D-D8B7-46D4-A9D6-6FB1B7E29CD1}.Debug|x86.Build.0 = Debug|Any CPU
		{3457243D-D8B7-46D4-A9D6-6FB1B7E29CD1}.Release|Any CPU.ActiveCfg = Release|Any CPU
		{3457243D-D8B7-46D4-A9D6-6FB1B7E29CD1}.Release|Any CPU.Build.0 = Release|Any CPU
		{3457243D-D8B7-46D4-A9D6-6FB1B7E29CD1}.Release|x64.ActiveCfg = Release|Any CPU
		{3457243D-D8B7-46D4-A9D6-6FB1B7E29CD1}.Release|x64.Build.0 = Release|Any CPU
		{3457243D-D8B7-46D4-A9D6-6FB1B7E29CD1}.Release|x86.ActiveCfg = Release|Any CPU
		{3457243D-D8B7-46D4-A9D6-6FB1B7E29CD1}.Release|x86.Build.0 = Release|Any CPU
		{0F7314E3-673A-4A15-9D12-D9E1136B084D}.Debug|Any CPU.ActiveCfg = Debug|x64
		{0F7314E3-673A-4A15-9D12-D9E1136B084D}.Debug|Any CPU.Build.0 = Debug|x64
		{0F7314E3-673A-4A15-9D12-D9E1136B084D}.Debug|x64.ActiveCfg = Debug|x64
		{0F7314E3-673A-4A15-9D12-D9E1136B084D}.Debug|x64.Build.0 = Debug|x64
		{0F7314E3-673A-4A15-9D12-D9E1136B084D}.Debug|x86.ActiveCfg = Debug|Win32
		{0F7314E3-673A-4A15-9D12-D9E1136B084D}.Debug|x86.Build.0 = Debug|Win32
		{0F7314E3-673A-4A15-9D12-D9E1136B084D}.Release|Any CPU.ActiveCfg = Release|x64
		{0F7314E3-673A-4A15-9D12-D9E1136B084D}.Release|Any CPU.Build.0 = Release|x64
		{0F7314E3-673A-4A15-9D12-D9E1136B084D}.Release|x64.ActiveCfg = Release|x64
		{0F7314E3-673A-4A15-9D12-D9E1136B084D}.Release|x64.Build.0 = Release|x64
		{0F7314E3-673A-4A15-9D12-D9E1136B084D}.Release|x86.ActiveCfg = Release|Win32
		{0F7314E3-673A-4A15-9D12-D9E1136B084D}.Release|x86.Build.0 = Release|Win32
	EndGlobalSection
	GlobalSection(SolutionProperties) = preSolution
		HideSolutionNode = FALSE
	EndGlobalSection
	GlobalSection(ExtensibilityGlobals) = postSolution
		SolutionGuid = {3575C51E-060D-455F-87F0-95EFF4C7C6D0}
	EndGlobalSection
EndGlobal
